// !$*UTF8*$!
{
	archiveVersion = 1;
	classes = {
	};
	objectVersion = 50;
	objects = {

/* Begin PBXBuildFile section */
		3F074F1121C47FA1007924C2 /* AppDelegate.swift in Sources */ = {isa = PBXBuildFile; fileRef = 3F074F1021C47FA1007924C2 /* AppDelegate.swift */; };
		3F074F1321C47FA1007924C2 /* ViewController.swift in Sources */ = {isa = PBXBuildFile; fileRef = 3F074F1221C47FA1007924C2 /* ViewController.swift */; };
		3F074F1621C47FA1007924C2 /* Main.storyboard in Resources */ = {isa = PBXBuildFile; fileRef = 3F074F1421C47FA1007924C2 /* Main.storyboard */; };
		3F074F1921C47FA1007924C2 /* CoreData_12_ty.xcdatamodeld in Sources */ = {isa = PBXBuildFile; fileRef = 3F074F1721C47FA1007924C2 /* CoreData_12_ty.xcdatamodeld */; };
		3F074F1B21C47FA2007924C2 /* Assets.xcassets in Resources */ = {isa = PBXBuildFile; fileRef = 3F074F1A21C47FA2007924C2 /* Assets.xcassets */; };
		3F074F1E21C47FA2007924C2 /* LaunchScreen.storyboard in Resources */ = {isa = PBXBuildFile; fileRef = 3F074F1C21C47FA2007924C2 /* LaunchScreen.storyboard */; };
/* End PBXBuildFile section */

/* Begin PBXFileReference section */
		3F074F0D21C47FA1007924C2 /* CoreData_12_ty.app */ = {isa = PBXFileReference; explicitFileType = wrapper.application; includeInIndex = 0; path = CoreData_12_ty.app; sourceTree = BUILT_PRODUCTS_DIR; };
		3F074F1021C47FA1007924C2 /* AppDelegate.swift */ = {isa = PBXFileReference; lastKnownFileType = sourcecode.swift; path = AppDelegate.swift; sourceTree = "<group>"; };
		3F074F1221C47FA1007924C2 /* ViewController.swift */ = {isa = PBXFileReference; lastKnownFileType = sourcecode.swift; path = ViewController.swift; sourceTree = "<group>"; };
		3F074F1521C47FA1007924C2 /* Base */ = {isa = PBXFileReference; lastKnownFileType = file.storyboard; name = Base; path = Base.lproj/Main.storyboard; sourceTree = "<group>"; };
		3F074F1821C47FA1007924C2 /* CoreData_12_ty.xcdatamodel */ = {isa = PBXFileReference; lastKnownFileType = wrapper.xcdatamodel; path = CoreData_12_ty.xcdatamodel; sourceTree = "<group>"; };
		3F074F1A21C47FA2007924C2 /* Assets.xcassets */ = {isa = PBXFileReference; lastKnownFileType = folder.assetcatalog; path = Assets.xcassets; sourceTree = "<group>"; };
		3F074F1D21C47FA2007924C2 /* Base */ = {isa = PBXFileReference; lastKnownFileType = file.storyboard; name = Base; path = Base.lproj/LaunchScreen.storyboard; sourceTree = "<group>"; };
		3F074F1F21C47FA2007924C2 /* Info.plist */ = {isa = PBXFileReference; lastKnownFileType = text.plist.xml; path = Info.plist; sourceTree = "<group>"; };
/* End PBXFileReference section */

/* Begin PBXFrameworksBuildPhase section */
		3F074F0A21C47FA1007924C2 /* Frameworks */ = {
			isa = PBXFrameworksBuildPhase;
			buildActionMask = 2147483647;
			files = (
			);
			runOnlyForDeploymentPostprocessing = 0;
		};
/* End PBXFrameworksBuildPhase section */

/* Begin PBXGroup section */
		3F074F0421C47FA1007924C2 = {
			isa = PBXGroup;
			children = (
				3F074F0F21C47FA1007924C2 /* CoreData_12_ty */,
				3F074F0E21C47FA1007924C2 /* Products */,
			);
			sourceTree = "<group>";
		};
		3F074F0E21C47FA1007924C2 /* Products */ = {
			isa = PBXGroup;
			children = (
				3F074F0D21C47FA1007924C2 /* CoreData_12_ty.app */,
			);
			name = Products;
			sourceTree = "<group>";
		};
		3F074F0F21C47FA1007924C2 /* CoreData_12_ty */ = {
			isa = PBXGroup;
			children = (
				3F074F1021C47FA1007924C2 /* AppDelegate.swift */,
				3F074F1221C47FA1007924C2 /* ViewController.swift */,
				3F074F1421C47FA1007924C2 /* Main.storyboard */,
				3F074F1A21C47FA2007924C2 /* Assets.xcassets */,
				3F074F1C21C47FA2007924C2 /* LaunchScreen.storyboard */,
				3F074F1F21C47FA2007924C2 /* Info.plist */,
				3F074F1721C47FA1007924C2 /* CoreData_12_ty.xcdatamodeld */,
			);
			path = CoreData_12_ty;
			sourceTree = "<group>";
		};
/* End PBXGroup section */

/* Begin PBXNativeTarget section */
		3F074F0C21C47FA1007924C2 /* CoreData_12_ty */ = {
			isa = PBXNativeTarget;
			buildConfigurationList = 3F074F2221C47FA2007924C2 /* Build configuration list for PBXNativeTarget "CoreData_12_ty" */;
			buildPhases = (
				3F074F0921C47FA1007924C2 /* Sources */,
				3F074F0A21C47FA1007924C2 /* Frameworks */,
				3F074F0B21C47FA1007924C2 /* Resources */,
			);
			buildRules = (
			);
			dependencies = (
			);
			name = CoreData_12_ty;
			productName = CoreData_12_ty;
			productReference = 3F074F0D21C47FA1007924C2 /* CoreData_12_ty.app */;
			productType = "com.apple.product-type.application";
		};
/* End PBXNativeTarget section */

/* Begin PBXProject section */
		3F074F0521C47FA1007924C2 /* Project object */ = {
			isa = PBXProject;
			attributes = {
				LastSwiftUpdateCheck = 1000;
				LastUpgradeCheck = 1000;
				ORGANIZATIONNAME = student;
				TargetAttributes = {
					3F074F0C21C47FA1007924C2 = {
						CreatedOnToolsVersion = 10.0;
					};
				};
			};
			buildConfigurationList = 3F074F0821C47FA1007924C2 /* Build configuration list for PBXProject "CoreData_12_ty" */;
			compatibilityVersion = "Xcode 9.3";
			developmentRegion = en;
			hasScannedForEncodings = 0;
			knownRegions = (
				en,
				Base,
			);
			mainGroup = 3F074F0421C47FA1007924C2;
			productRefGroup = 3F074F0E21C47FA1007924C2 /* Products */;
			projectDirPath = "";
			projectRoot = "";
			targets = (
				3F074F0C21C47FA1007924C2 /* CoreData_12_ty */,
			);
		};
/* End PBXProject section */

/* Begin PBXResourcesBuildPhase section */
		3F074F0B21C47FA1007924C2 /* Resources */ = {
			isa = PBXResourcesBuildPhase;
			buildActionMask = 2147483647;
			files = (
				3F074F1E21C47FA2007924C2 /* LaunchScreen.storyboard in Resources */,
				3F074F1B21C47FA2007924C2 /* Assets.xcassets in Resources */,
				3F074F1621C47FA1007924C2 /* Main.storyboard in Resources */,
			);
			runOnlyForDeploymentPostprocessing = 0;
		};
/* End PBXResourcesBuildPhase section */

/* Begin PBXSourcesBuildPhase section */
		3F074F0921C47FA1007924C2 /* Sources */ = {
			isa = PBXSourcesBuildPhase;
			buildActionMask = 2147483647;
			files = (
				3F074F1321C47FA1007924C2 /* ViewController.swift in Sources */,
				3F074F1921C47FA1007924C2 /* CoreData_12_ty.xcdatamodeld in Sources */,
				3F074F1121C47FA1007924C2 /* AppDelegate.swift in Sources */,
			);
			runOnlyForDeploymentPostprocessing = 0;
		};
/* End PBXSourcesBuildPhase section */

/* Begin PBXVariantGroup section */
		3F074F1421C47FA1007924C2 /* Main.storyboard */ = {
			isa = PBXVariantGroup;
			children = (
				3F074F1521C47FA1007924C2 /* Base */,
			);
			name = Main.storyboard;
			sourceTree = "<group>";
		};
		3F074F1C21C47FA2007924C2 /* LaunchScreen.storyboard */ = {
			isa = PBXVariantGroup;
			children = (
				3F074F1D21C47FA2007924C2 /* Base */,
			);
			name = LaunchScreen.storyboard;
			sourceTree = "<group>";
		};
/* End PBXVariantGroup section */

/* Begin XCBuildConfiguration section */
		3F074F2021C47FA2007924C2 /* Debug */ = {
			isa = XCBuildConfiguration;
			buildSettings = {
				ALWAYS_SEARCH_USER_PATHS = NO;
				CLANG_ANALYZER_NONNULL = YES;
				CLANG_ANALYZER_NUMBER_OBJECT_CONVERSION = YES_AGGRESSIVE;
				CLANG_CXX_LANGUAGE_STANDARD = "gnu++14";
				CLANG_CXX_LIBRARY = "libc++";
				CLANG_ENABLE_MODULES = YES;
				CLANG_ENABLE_OBJC_ARC = YES;
				CLANG_ENABLE_OBJC_WEAK = YES;
				CLANG_WARN_BLOCK_CAPTURE_AUTORELEASING = YES;
				CLANG_WARN_BOOL_CONVERSION = YES;
				CLANG_WARN_COMMA = YES;
				CLANG_WARN_CONSTANT_CONVERSION = YES;
				CLANG_WARN_DEPRECATED_OBJC_IMPLEMENTATIONS = YES;
				CLANG_WARN_DIRECT_OBJC_ISA_USAGE = YES_ERROR;
				CLANG_WARN_DOCUMENTATION_COMMENTS = YES;
				CLANG_WARN_EMPTY_BODY = YES;
				CLANG_WARN_ENUM_CONVERSION = YES;
				CLANG_WARN_INFINITE_RECURSION = YES;
				CLANG_WARN_INT_CONVERSION = YES;
				CLANG_WARN_NON_LITERAL_NULL_CONVERSION = YES;
				CLANG_WARN_OBJC_IMPLICIT_RETAIN_SELF = YES;
				CLANG_WARN_OBJC_LITERAL_CONVERSION = YES;
				CLANG_WARN_OBJC_ROOT_CLASS = YES_ERROR;
				CLANG_WARN_RANGE_LOOP_ANALYSIS = YES;
				CLANG_WARN_STRICT_PROTOTYPES = YES;
				CLANG_WARN_SUSPICIOUS_MOVE = YES;
				CLANG_WARN_UNGUARDED_AVAILABILITY = YES_AGGRESSIVE;
				CLANG_WARN_UNREACHABLE_CODE = YES;
				CLANG_WARN__DUPLICATE_METHOD_MATCH = YES;
				CODE_SIGN_IDENTITY = "iPhone Developer";
				COPY_PHASE_STRIP = NO;
				DEBUG_INFORMATION_FORMAT = dwarf;
				ENABLE_STRICT_OBJC_MSGSEND = YES;
				ENABLE_TESTABILITY = YES;
				GCC_C_LANGUAGE_STANDARD = gnu11;
				GCC_DYNAMIC_NO_PIC = NO;
				GCC_NO_COMMON_BLOCKS = YES;
				GCC_OPTIMIZATION_LEVEL = 0;
				GCC_PREPROCESSOR_DEFINITIONS = (
					"DEBUG=1",
					"$(inherited)",
				);
				GCC_WARN_64_TO_32_BIT_CONVERSION = YES;
				GCC_WARN_ABOUT_RETURN_TYPE = YES_ERROR;
				GCC_WARN_UNDECLARED_SELECTOR = YES;
				GCC_WARN_UNINITIALIZED_AUTOS = YES_AGGRESSIVE;
				GCC_WARN_UNUSED_FUNCTION = YES;
				GCC_WARN_UNUSED_VARIABLE = YES;
				IPHONEOS_DEPLOYMENT_TARGET = 12.0;
				MTL_ENABLE_DEBUG_INFO = INCLUDE_SOURCE;
				MTL_FAST_MATH = YES;
				ONLY_ACTIVE_ARCH = YES;
				SDKROOT = iphoneos;
				SWIFT_ACTIVE_COMPILATION_CONDITIONS = DEBUG;
				SWIFT_OPTIMIZATION_LEVEL = "-Onone";
			};
			name = Debug;
		};
		3F074F2121C47FA2007924C2 /* Release */ = {
			isa = XCBuildConfiguration;
			buildSettings = {
				ALWAYS_SEARCH_USER_PATHS = NO;
				CLANG_ANALYZER_NONNULL = YES;
				CLANG_ANALYZER_NUMBER_OBJECT_CONVERSION = YES_AGGRESSIVE;
				CLANG_CXX_LANGUAGE_STANDARD = "gnu++14";
				CLANG_CXX_LIBRARY = "libc++";
				CLANG_ENABLE_MODULES = YES;
				CLANG_ENABLE_OBJC_ARC = YES;
				CLANG_ENABLE_OBJC_WEAK = YES;
				CLANG_WARN_BLOCK_CAPTURE_AUTORELEASING = YES;
				CLANG_WARN_BOOL_CONVERSION = YES;
				CLANG_WARN_COMMA = YES;
				CLANG_WARN_CONSTANT_CONVERSION = YES;
				CLANG_WARN_DEPRECATED_OBJC_IMPLEMENTATIONS = YES;
				CLANG_WARN_DIRECT_OBJC_ISA_USAGE = YES_ERROR;
				CLANG_WARN_DOCUMENTATION_COMMENTS = YES;
				CLANG_WARN_EMPTY_BODY = YES;
				CLANG_WARN_ENUM_CONVERSION = YES;
				CLANG_WARN_INFINITE_RECURSION = YES;
				CLANG_WARN_INT_CONVERSION = YES;
				CLANG_WARN_NON_LITERAL_NULL_CONVERSION = YES;
				CLANG_WARN_OBJC_IMPLICIT_RETAIN_SELF = YES;
				CLANG_WARN_OBJC_LITERAL_CONVERSION = YES;
				CLANG_WARN_OBJC_ROOT_CLASS = YES_ERROR;
				CLANG_WARN_RANGE_LOOP_ANALYSIS = YES;
				CLANG_WARN_STRICT_PROTOTYPES = YES;
				CLANG_WARN_SUSPICIOUS_MOVE = YES;
				CLANG_WARN_UNGUARDED_AVAILABILITY = YES_AGGRESSIVE;
				CLANG_WARN_UNREACHABLE_CODE = YES;
				CLANG_WARN__DUPLICATE_METHOD_MATCH = YES;
				CODE_SIGN_IDENTITY = "iPhone Developer";
				COPY_PHASE_STRIP = NO;
				DEBUG_INFORMATION_FORMAT = "dwarf-with-dsym";
				ENABLE_NS_ASSERTIONS = NO;
				ENABLE_STRICT_OBJC_MSGSEND = YES;
				GCC_C_LANGUAGE_STANDARD = gnu11;
				GCC_NO_COMMON_BLOCKS = YES;
				GCC_WARN_64_TO_32_BIT_CONVERSION = YES;
				GCC_WARN_ABOUT_RETURN_TYPE = YES_ERROR;
				GCC_WARN_UNDECLARED_SELECTOR = YES;
				GCC_WARN_UNINITIALIZED_AUTOS = YES_AGGRESSIVE;
				GCC_WARN_UNUSED_FUNCTION = YES;
				GCC_WARN_UNUSED_VARIABLE = YES;
				IPHONEOS_DEPLOYMENT_TARGET = 12.0;
				MTL_ENABLE_DEBUG_INFO = NO;
				MTL_FAST_MATH = YES;
				SDKROOT = iphoneos;
				SWIFT_COMPILATION_MODE = wholemodule;
				SWIFT_OPTIMIZATION_LEVEL = "-O";
				VALIDATE_PRODUCT = YES;
			};
			name = Release;
		};
		3F074F2321C47FA2007924C2 /* Debug */ = {
			isa = XCBuildConfiguration;
			buildSettings = {
				ASSETCATALOG_COMPILER_APPICON_NAME = AppIcon;
				CODE_SIGN_STYLE = Automatic;
				INFOPLIST_FILE = CoreData_12_ty/Info.plist;
				LD_RUNPATH_SEARCH_PATHS = (
					"$(inherited)",
					"@executable_path/Frameworks",
				);
				PRODUCT_BUNDLE_IDENTIFIER = "-016110439.CoreData-12-ty";
				PRODUCT_NAME = "$(TARGET_NAME)";
				SWIFT_VERSION = 4.2;
				TARGETED_DEVICE_FAMILY = "1,2";
			};
			name = Debug;
		};
		3F074F2421C47FA2007924C2 /* Release */ = {
			isa = XCBuildConfiguration;
			buildSettings = {
				ASSETCATALOG_COMPILER_APPICON_NAME = AppIcon;
				CODE_SIGN_STYLE = Automatic;
				INFOPLIST_FILE = CoreData_12_ty/Info.plist;
				LD_RUNPATH_SEARCH_PATHS = (
					"$(inherited)",
					"@executable_path/Frameworks",
				);
				PRODUCT_BUNDLE_IDENTIFIER = "-016110439.CoreData-12-ty";
				PRODUCT_NAME = "$(TARGET_NAME)";
				SWIFT_VERSION = 4.2;
				TARGETED_DEVICE_FAMILY = "1,2";
			};
			name = Release;
		};
/* End XCBuildConfiguration section */

/* Begin XCConfigurationList section */
		3F074F0821C47FA1007924C2 /* Build configuration list for PBXProject "CoreData_12_ty" */ = {
			isa = XCConfigurationList;
			buildConfigurations = (
				3F074F2021C47FA2007924C2 /* Debug */,
				3F074F2121C47FA2007924C2 /* Release */,
			);
			defaultConfigurationIsVisible = 0;
			defaultConfigurationName = Release;
		};
		3F074F2221C47FA2007924C2 /* Build configuration list for PBXNativeTarget "CoreData_12_ty" */ = {
			isa = XCConfigurationList;
			buildConfigurations = (
				3F074F2321C47FA2007924C2 /* Debug */,
				3F074F2421C47FA2007924C2 /* Release */,
			);
			defaultConfigurationIsVisible = 0;
			defaultConfigurationName = Release;
		};
/* End XCConfigurationList section */

/* Begin XCVersionGroup section */
		3F074F1721C47FA1007924C2 /* CoreData_12_ty.xcdatamodeld */ = {
			isa = XCVersionGroup;
			children = (
				3F074F1821C47FA1007924C2 /* CoreData_12_ty.xcdatamodel */,
			);
			currentVersion = 3F074F1821C47FA1007924C2 /* CoreData_12_ty.xcdatamodel */;
			path = CoreData_12_ty.xcdatamodeld;
			sourceTree = "<group>";
			versionGroupType = wrapper.xcdatamodel;
		};
/* End XCVersionGroup section */
	};
	rootObject = 3F074F0521C47FA1007924C2 /* Project object */;
}
