// !$*UTF8*$!
{
	archiveVersion = 1;
	classes = {
	};
	objectVersion = 50;
	objects = {

/* Begin PBXBuildFile section */
		3FAAA57121B7C70C0039C5CC /* AppDelegate.swift in Sources */ = {isa = PBXBuildFile; fileRef = 3FAAA57021B7C70C0039C5CC /* AppDelegate.swift */; };
		3FAAA57321B7C70C0039C5CC /* ViewController.swift in Sources */ = {isa = PBXBuildFile; fileRef = 3FAAA57221B7C70C0039C5CC /* ViewController.swift */; };
		3FAAA57621B7C70C0039C5CC /* Main.storyboard in Resources */ = {isa = PBXBuildFile; fileRef = 3FAAA57421B7C70C0039C5CC /* Main.storyboard */; };
		3FAAA57921B7C70C0039C5CC /* Cora_Data.xcdatamodeld in Sources */ = {isa = PBXBuildFile; fileRef = 3FAAA57721B7C70C0039C5CC /* Cora_Data.xcdatamodeld */; };
		3FAAA57B21B7C70D0039C5CC /* Assets.xcassets in Resources */ = {isa = PBXBuildFile; fileRef = 3FAAA57A21B7C70D0039C5CC /* Assets.xcassets */; };
		3FAAA57E21B7C70D0039C5CC /* LaunchScreen.storyboard in Resources */ = {isa = PBXBuildFile; fileRef = 3FAAA57C21B7C70D0039C5CC /* LaunchScreen.storyboard */; };
/* End PBXBuildFile section */

/* Begin PBXFileReference section */
		3FAAA56D21B7C70C0039C5CC /* Cora Data.app */ = {isa = PBXFileReference; explicitFileType = wrapper.application; includeInIndex = 0; path = "Cora Data.app"; sourceTree = BUILT_PRODUCTS_DIR; };
		3FAAA57021B7C70C0039C5CC /* AppDelegate.swift */ = {isa = PBXFileReference; lastKnownFileType = sourcecode.swift; path = AppDelegate.swift; sourceTree = "<group>"; };
		3FAAA57221B7C70C0039C5CC /* ViewController.swift */ = {isa = PBXFileReference; lastKnownFileType = sourcecode.swift; path = ViewController.swift; sourceTree = "<group>"; };
		3FAAA57521B7C70C0039C5CC /* Base */ = {isa = PBXFileReference; lastKnownFileType = file.storyboard; name = Base; path = Base.lproj/Main.storyboard; sourceTree = "<group>"; };
		3FAAA57821B7C70C0039C5CC /* Cora_Data.xcdatamodel */ = {isa = PBXFileReference; lastKnownFileType = wrapper.xcdatamodel; path = Cora_Data.xcdatamodel; sourceTree = "<group>"; };
		3FAAA57A21B7C70D0039C5CC /* Assets.xcassets */ = {isa = PBXFileReference; lastKnownFileType = folder.assetcatalog; path = Assets.xcassets; sourceTree = "<group>"; };
		3FAAA57D21B7C70D0039C5CC /* Base */ = {isa = PBXFileReference; lastKnownFileType = file.storyboard; name = Base; path = Base.lproj/LaunchScreen.storyboard; sourceTree = "<group>"; };
		3FAAA57F21B7C70D0039C5CC /* Info.plist */ = {isa = PBXFileReference; lastKnownFileType = text.plist.xml; path = Info.plist; sourceTree = "<group>"; };
/* End PBXFileReference section */

/* Begin PBXFrameworksBuildPhase section */
		3FAAA56A21B7C70C0039C5CC /* Frameworks */ = {
			isa = PBXFrameworksBuildPhase;
			buildActionMask = 2147483647;
			files = (
			);
			runOnlyForDeploymentPostprocessing = 0;
		};
/* End PBXFrameworksBuildPhase section */

/* Begin PBXGroup section */
		3FAAA56421B7C70C0039C5CC = {
			isa = PBXGroup;
			children = (
				3FAAA56F21B7C70C0039C5CC /* Cora Data */,
				3FAAA56E21B7C70C0039C5CC /* Products */,
			);
			sourceTree = "<group>";
		};
		3FAAA56E21B7C70C0039C5CC /* Products */ = {
			isa = PBXGroup;
			children = (
				3FAAA56D21B7C70C0039C5CC /* Cora Data.app */,
			);
			name = Products;
			sourceTree = "<group>";
		};
		3FAAA56F21B7C70C0039C5CC /* Cora Data */ = {
			isa = PBXGroup;
			children = (
				3FAAA57021B7C70C0039C5CC /* AppDelegate.swift */,
				3FAAA57221B7C70C0039C5CC /* ViewController.swift */,
				3FAAA57421B7C70C0039C5CC /* Main.storyboard */,
				3FAAA57A21B7C70D0039C5CC /* Assets.xcassets */,
				3FAAA57C21B7C70D0039C5CC /* LaunchScreen.storyboard */,
				3FAAA57F21B7C70D0039C5CC /* Info.plist */,
				3FAAA57721B7C70C0039C5CC /* Cora_Data.xcdatamodeld */,
			);
			path = "Cora Data";
			sourceTree = "<group>";
		};
/* End PBXGroup section */

/* Begin PBXNativeTarget section */
		3FAAA56C21B7C70C0039C5CC /* Cora Data */ = {
			isa = PBXNativeTarget;
			buildConfigurationList = 3FAAA58221B7C70D0039C5CC /* Build configuration list for PBXNativeTarget "Cora Data" */;
			buildPhases = (
				3FAAA56921B7C70C0039C5CC /* Sources */,
				3FAAA56A21B7C70C0039C5CC /* Frameworks */,
				3FAAA56B21B7C70C0039C5CC /* Resources */,
			);
			buildRules = (
			);
			dependencies = (
			);
			name = "Cora Data";
			productName = "Cora Data";
			productReference = 3FAAA56D21B7C70C0039C5CC /* Cora Data.app */;
			productType = "com.apple.product-type.application";
		};
/* End PBXNativeTarget section */

/* Begin PBXProject section */
		3FAAA56521B7C70C0039C5CC /* Project object */ = {
			isa = PBXProject;
			attributes = {
				LastSwiftUpdateCheck = 1000;
				LastUpgradeCheck = 1000;
				ORGANIZATIONNAME = 2016110439;
				TargetAttributes = {
					3FAAA56C21B7C70C0039C5CC = {
						CreatedOnToolsVersion = 10.0;
					};
				};
			};
			buildConfigurationList = 3FAAA56821B7C70C0039C5CC /* Build configuration list for PBXProject "Cora Data" */;
			compatibilityVersion = "Xcode 9.3";
			developmentRegion = en;
			hasScannedForEncodings = 0;
			knownRegions = (
				en,
				Base,
			);
			mainGroup = 3FAAA56421B7C70C0039C5CC;
			productRefGroup = 3FAAA56E21B7C70C0039C5CC /* Products */;
			projectDirPath = "";
			projectRoot = "";
			targets = (
				3FAAA56C21B7C70C0039C5CC /* Cora Data */,
			);
		};
/* End PBXProject section */

/* Begin PBXResourcesBuildPhase section */
		3FAAA56B21B7C70C0039C5CC /* Resources */ = {
			isa = PBXResourcesBuildPhase;
			buildActionMask = 2147483647;
			files = (
				3FAAA57E21B7C70D0039C5CC /* LaunchScreen.storyboard in Resources */,
				3FAAA57B21B7C70D0039C5CC /* Assets.xcassets in Resources */,
				3FAAA57621B7C70C0039C5CC /* Main.storyboard in Resources */,
			);
			runOnlyForDeploymentPostprocessing = 0;
		};
/* End PBXResourcesBuildPhase section */

/* Begin PBXSourcesBuildPhase section */
		3FAAA56921B7C70C0039C5CC /* Sources */ = {
			isa = PBXSourcesBuildPhase;
			buildActionMask = 2147483647;
			files = (
				3FAAA57321B7C70C0039C5CC /* ViewController.swift in Sources */,
				3FAAA57921B7C70C0039C5CC /* Cora_Data.xcdatamodeld in Sources */,
				3FAAA57121B7C70C0039C5CC /* AppDelegate.swift in Sources */,
			);
			runOnlyForDeploymentPostprocessing = 0;
		};
/* End PBXSourcesBuildPhase section */

/* Begin PBXVariantGroup section */
		3FAAA57421B7C70C0039C5CC /* Main.storyboard */ = {
			isa = PBXVariantGroup;
			children = (
				3FAAA57521B7C70C0039C5CC /* Base */,
			);
			name = Main.storyboard;
			sourceTree = "<group>";
		};
		3FAAA57C21B7C70D0039C5CC /* LaunchScreen.storyboard */ = {
			isa = PBXVariantGroup;
			children = (
				3FAAA57D21B7C70D0039C5CC /* Base */,
			);
			name = LaunchScreen.storyboard;
			sourceTree = "<group>";
		};
/* End PBXVariantGroup section */

/* Begin XCBuildConfiguration section */
		3FAAA58021B7C70D0039C5CC /* Debug */ = {
			isa = XCBuildConfiguration;
			buildSettings = {
				ALWAYS_SEARCH_USER_PATHS = NO;
				CLANG_ANALYZER_NONNULL = YES;
				CLANG_ANALYZER_NUMBER_OBJECT_CONVERSION = YES_AGGRESSIVE;
				CLANG_CXX_LANGUAGE_STANDARD = "gnu++14";
				CLANG_CXX_LIBRARY = "libc++";
				CLANG_ENABLE_MODULES = YES;
				CLANG_ENABLE_OBJC_ARC = YES;
				CLANG_ENABLE_OBJC_WEAK = YES;
				CLANG_WARN_BLOCK_CAPTURE_AUTORELEASING = YES;
				CLANG_WARN_BOOL_CONVERSION = YES;
				CLANG_WARN_COMMA = YES;
				CLANG_WARN_CONSTANT_CONVERSION = YES;
				CLANG_WARN_DEPRECATED_OBJC_IMPLEMENTATIONS = YES;
				CLANG_WARN_DIRECT_OBJC_ISA_USAGE = YES_ERROR;
				CLANG_WARN_DOCUMENTATION_COMMENTS = YES;
				CLANG_WARN_EMPTY_BODY = YES;
				CLANG_WARN_ENUM_CONVERSION = YES;
				CLANG_WARN_INFINITE_RECURSION = YES;
				CLANG_WARN_INT_CONVERSION = YES;
				CLANG_WARN_NON_LITERAL_NULL_CONVERSION = YES;
				CLANG_WARN_OBJC_IMPLICIT_RETAIN_SELF = YES;
				CLANG_WARN_OBJC_LITERAL_CONVERSION = YES;
				CLANG_WARN_OBJC_ROOT_CLASS = YES_ERROR;
				CLANG_WARN_RANGE_LOOP_ANALYSIS = YES;
				CLANG_WARN_STRICT_PROTOTYPES = YES;
				CLANG_WARN_SUSPICIOUS_MOVE = YES;
				CLANG_WARN_UNGUARDED_AVAILABILITY = YES_AGGRESSIVE;
				CLANG_WARN_UNREACHABLE_CODE = YES;
				CLANG_WARN__DUPLICATE_METHOD_MATCH = YES;
				CODE_SIGN_IDENTITY = "iPhone Developer";
				COPY_PHASE_STRIP = NO;
				DEBUG_INFORMATION_FORMAT = dwarf;
				ENABLE_STRICT_OBJC_MSGSEND = YES;
				ENABLE_TESTABILITY = YES;
				GCC_C_LANGUAGE_STANDARD = gnu11;
				GCC_DYNAMIC_NO_PIC = NO;
				GCC_NO_COMMON_BLOCKS = YES;
				GCC_OPTIMIZATION_LEVEL = 0;
				GCC_PREPROCESSOR_DEFINITIONS = (
					"DEBUG=1",
					"$(inherited)",
				);
				GCC_WARN_64_TO_32_BIT_CONVERSION = YES;
				GCC_WARN_ABOUT_RETURN_TYPE = YES_ERROR;
				GCC_WARN_UNDECLARED_SELECTOR = YES;
				GCC_WARN_UNINITIALIZED_AUTOS = YES_AGGRESSIVE;
				GCC_WARN_UNUSED_FUNCTION = YES;
				GCC_WARN_UNUSED_VARIABLE = YES;
				IPHONEOS_DEPLOYMENT_TARGET = 12.0;
				MTL_ENABLE_DEBUG_INFO = INCLUDE_SOURCE;
				MTL_FAST_MATH = YES;
				ONLY_ACTIVE_ARCH = YES;
				SDKROOT = iphoneos;
				SWIFT_ACTIVE_COMPILATION_CONDITIONS = DEBUG;
				SWIFT_OPTIMIZATION_LEVEL = "-Onone";
			};
			name = Debug;
		};
		3FAAA58121B7C70D0039C5CC /* Release */ = {
			isa = XCBuildConfiguration;
			buildSettings = {
				ALWAYS_SEARCH_USER_PATHS = NO;
				CLANG_ANALYZER_NONNULL = YES;
				CLANG_ANALYZER_NUMBER_OBJECT_CONVERSION = YES_AGGRESSIVE;
				CLANG_CXX_LANGUAGE_STANDARD = "gnu++14";
				CLANG_CXX_LIBRARY = "libc++";
				CLANG_ENABLE_MODULES = YES;
				CLANG_ENABLE_OBJC_ARC = YES;
				CLANG_ENABLE_OBJC_WEAK = YES;
				CLANG_WARN_BLOCK_CAPTURE_AUTORELEASING = YES;
				CLANG_WARN_BOOL_CONVERSION = YES;
				CLANG_WARN_COMMA = YES;
				CLANG_WARN_CONSTANT_CONVERSION = YES;
				CLANG_WARN_DEPRECATED_OBJC_IMPLEMENTATIONS = YES;
				CLANG_WARN_DIRECT_OBJC_ISA_USAGE = YES_ERROR;
				CLANG_WARN_DOCUMENTATION_COMMENTS = YES;
				CLANG_WARN_EMPTY_BODY = YES;
				CLANG_WARN_ENUM_CONVERSION = YES;
				CLANG_WARN_INFINITE_RECURSION = YES;
				CLANG_WARN_INT_CONVERSION = YES;
				CLANG_WARN_NON_LITERAL_NULL_CONVERSION = YES;
				CLANG_WARN_OBJC_IMPLICIT_RETAIN_SELF = YES;
				CLANG_WARN_OBJC_LITERAL_CONVERSION = YES;
				CLANG_WARN_OBJC_ROOT_CLASS = YES_ERROR;
				CLANG_WARN_RANGE_LOOP_ANALYSIS = YES;
				CLANG_WARN_STRICT_PROTOTYPES = YES;
				CLANG_WARN_SUSPICIOUS_MOVE = YES;
				CLANG_WARN_UNGUARDED_AVAILABILITY = YES_AGGRESSIVE;
				CLANG_WARN_UNREACHABLE_CODE = YES;
				CLANG_WARN__DUPLICATE_METHOD_MATCH = YES;
				CODE_SIGN_IDENTITY = "iPhone Developer";
				COPY_PHASE_STRIP = NO;
				DEBUG_INFORMATION_FORMAT = "dwarf-with-dsym";
				ENABLE_NS_ASSERTIONS = NO;
				ENABLE_STRICT_OBJC_MSGSEND = YES;
				GCC_C_LANGUAGE_STANDARD = gnu11;
				GCC_NO_COMMON_BLOCKS = YES;
				GCC_WARN_64_TO_32_BIT_CONVERSION = YES;
				GCC_WARN_ABOUT_RETURN_TYPE = YES_ERROR;
				GCC_WARN_UNDECLARED_SELECTOR = YES;
				GCC_WARN_UNINITIALIZED_AUTOS = YES_AGGRESSIVE;
				GCC_WARN_UNUSED_FUNCTION = YES;
				GCC_WARN_UNUSED_VARIABLE = YES;
				IPHONEOS_DEPLOYMENT_TARGET = 12.0;
				MTL_ENABLE_DEBUG_INFO = NO;
				MTL_FAST_MATH = YES;
				SDKROOT = iphoneos;
				SWIFT_COMPILATION_MODE = wholemodule;
				SWIFT_OPTIMIZATION_LEVEL = "-O";
				VALIDATE_PRODUCT = YES;
			};
			name = Release;
		};
		3FAAA58321B7C70D0039C5CC /* Debug */ = {
			isa = XCBuildConfiguration;
			buildSettings = {
				ASSETCATALOG_COMPILER_APPICON_NAME = AppIcon;
				CODE_SIGN_STYLE = Automatic;
				INFOPLIST_FILE = "Cora Data/Info.plist";
				LD_RUNPATH_SEARCH_PATHS = (
					"$(inherited)",
					"@executable_path/Frameworks",
				);
				PRODUCT_BUNDLE_IDENTIFIER = "tuyao.Cora-Data";
				PRODUCT_NAME = "$(TARGET_NAME)";
				SWIFT_VERSION = 4.2;
				TARGETED_DEVICE_FAMILY = "1,2";
			};
			name = Debug;
		};
		3FAAA58421B7C70D0039C5CC /* Release */ = {
			isa = XCBuildConfiguration;
			buildSettings = {
				ASSETCATALOG_COMPILER_APPICON_NAME = AppIcon;
				CODE_SIGN_STYLE = Automatic;
				INFOPLIST_FILE = "Cora Data/Info.plist";
				LD_RUNPATH_SEARCH_PATHS = (
					"$(inherited)",
					"@executable_path/Frameworks",
				);
				PRODUCT_BUNDLE_IDENTIFIER = "tuyao.Cora-Data";
				PRODUCT_NAME = "$(TARGET_NAME)";
				SWIFT_VERSION = 4.2;
				TARGETED_DEVICE_FAMILY = "1,2";
			};
			name = Release;
		};
/* End XCBuildConfiguration section */

/* Begin XCConfigurationList section */
		3FAAA56821B7C70C0039C5CC /* Build configuration list for PBXProject "Cora Data" */ = {
			isa = XCConfigurationList;
			buildConfigurations = (
				3FAAA58021B7C70D0039C5CC /* Debug */,
				3FAAA58121B7C70D0039C5CC /* Release */,
			);
			defaultConfigurationIsVisible = 0;
			defaultConfigurationName = Release;
		};
		3FAAA58221B7C70D0039C5CC /* Build configuration list for PBXNativeTarget "Cora Data" */ = {
			isa = XCConfigurationList;
			buildConfigurations = (
				3FAAA58321B7C70D0039C5CC /* Debug */,
				3FAAA58421B7C70D0039C5CC /* Release */,
			);
			defaultConfigurationIsVisible = 0;
			defaultConfigurationName = Release;
		};
/* End XCConfigurationList section */

/* Begin XCVersionGroup section */
		3FAAA57721B7C70C0039C5CC /* Cora_Data.xcdatamodeld */ = {
			isa = XCVersionGroup;
			children = (
				3FAAA57821B7C70C0039C5CC /* Cora_Data.xcdatamodel */,
			);
			currentVersion = 3FAAA57821B7C70C0039C5CC /* Cora_Data.xcdatamodel */;
			path = Cora_Data.xcdatamodeld;
			sourceTree = "<group>";
			versionGroupType = wrapper.xcdatamodel;
		};
/* End XCVersionGroup section */
	};
	rootObject = 3FAAA56521B7C70C0039C5CC /* Project object */;
}
